lockfileVersion: '6.0'

settings:
  autoInstallPeers: true
  excludeLinksFromLockfile: false

patchedDependencies:
  '@deepkit/type-compiler@1.0.1-alpha.97':
    hash: 6fuedauhg7bnw43tvt7pki76ia
    path: patches/@deepkit__type-compiler@1.0.1-alpha.97.patch

dependencies:
  '@deepkit/type':
    specifier: ^1.0.1-alpha.97
    version: 1.0.1-alpha.97(@deepkit/core@1.0.1-alpha.97)

devDependencies:
  '@deepkit/type-compiler':
    specifier: ^1.0.1-alpha.97
    version: 1.0.1-alpha.97(patch_hash=6fuedauhg7bnw43tvt7pki76ia)(typescript@5.1.6)
  '@deepkit/vite':
    specifier: ^1.0.1-alpha.97
    version: 1.0.1-alpha.97(@deepkit/type-compiler@1.0.1-alpha.97)
  '@gjsify/esbuild-plugin-deepkit':
    specifier: ^0.0.3
    version: 0.0.3(typescript@5.1.6)
  '@types/node':
    specifier: ^18.16.19
    version: 18.16.19
  esbuild:
    specifier: ^0.18.11
    version: 0.18.11
  typescript:
    specifier: ^5.1.6
    version: 5.1.6
  vite:
    specifier: ^4.3.9
    version: 4.3.9(@types/node@18.16.19)
  vite-node:
    specifier: ^0.32.4
    version: 0.32.4(@types/node@18.16.19)

packages:

  /@deepkit/core@1.0.1-alpha.97:
    resolution: {integrity: sha512-SrG9m43w+fJhiFH4wxyc6QNruFxJaqiGpT+QAncqR0dDvd+5QUCLwD2mGiKkNJoFh2lo+p3rtYhnZ0exny8emw==}
    dependencies:
      dot-prop: 5.3.0
      to-fast-properties: 3.0.1
    dev: false

  /@deepkit/type-compiler@1.0.1-alpha.97(patch_hash=6fuedauhg7bnw43tvt7pki76ia)(typescript@5.1.6):
    resolution: {integrity: sha512-KeK21jdqM3keF504kmf7RcJkWV/xJMAjiK79MkNN43TyRjViOkmv50p6CW+vdHx6H772sQ765gX+gpH8i/yIZQ==}
    hasBin: true
    requiresBuild: true
    peerDependencies:
      typescript: ^4.8.2 || ^5.0.0
    dependencies:
      '@deepkit/type-spec': 1.0.1-alpha.93
      '@marcj/ts-clone-node': 2.2.0(typescript@5.1.6)
      '@typescript/vfs': 1.4.0
      get-tsconfig: 4.6.2
      lz-string: 1.5.0
      micromatch: 4.0.5
      strip-json-comments: 3.1.1
      typescript: 5.1.6
    transitivePeerDependencies:
      - supports-color
    dev: true
    patched: true

  /@deepkit/type-spec@1.0.1-alpha.93:
    resolution: {integrity: sha512-ZJHq0tOCYW0pDZ4Ab3RLQiFvDCTD2Dur+af4I0kmtT23slz+WWMNehJF08lO4DUDyOO0f0DlLLCqO39GhY3J4Q==}

  /@deepkit/type@1.0.1-alpha.97(@deepkit/core@1.0.1-alpha.97):
    resolution: {integrity: sha512-fnMrhMVYANyZ8zrKEj7KnJMTl2WhXKza9dh9s0Mtgcowd73YSJyEdvFkBKcabmHbvlbHFkAHv8KAvYifvWbGvw==}
    peerDependencies:
      '@deepkit/core': ^1.0.1-alpha.13
    dependencies:
      '@deepkit/core': 1.0.1-alpha.97
      '@deepkit/type-spec': 1.0.1-alpha.93
      '@types/uuid': 8.3.4
      buffer: 5.7.1
      uuid: 8.3.2
    dev: false

  /@deepkit/vite@1.0.1-alpha.97(@deepkit/type-compiler@1.0.1-alpha.97):
    resolution: {integrity: sha512-fDcqGdJAww4PHqZzv+8uZAQ1dqVLyN/AKAWyLk16EzKnozK0ZN96weWcp23u1FFRL0JlvUltqJvQYhOkbWyYwQ==}
    requiresBuild: true
    peerDependencies:
      '@deepkit/type-compiler': ^1.0.1-alpha.93
    dependencies:
      '@deepkit/type-compiler': 1.0.1-alpha.97(patch_hash=6fuedauhg7bnw43tvt7pki76ia)(typescript@5.1.6)
      '@rollup/pluginutils': 5.0.2
    transitivePeerDependencies:
      - rollup
    dev: true

  /@esbuild/android-arm64@0.17.19:
    resolution: {integrity: sha512-KBMWvEZooR7+kzY0BtbTQn0OAYY7CsiydT63pVEaPtVYF0hXbUaOyZog37DKxK7NF3XacBJOpYT4adIJh+avxA==}
    engines: {node: '>=12'}
    cpu: [arm64]
    os: [android]
    requiresBuild: true
    dev: true
    optional: true

  /@esbuild/android-arm64@0.18.11:
    resolution: {integrity: sha512-snieiq75Z1z5LJX9cduSAjUr7vEI1OdlzFPMw0HH5YI7qQHDd3qs+WZoMrWYDsfRJSq36lIA6mfZBkvL46KoIw==}
    engines: {node: '>=12'}
    cpu: [arm64]
    os: [android]
    requiresBuild: true
    dev: true
    optional: true

  /@esbuild/android-arm@0.17.19:
    resolution: {integrity: sha512-rIKddzqhmav7MSmoFCmDIb6e2W57geRsM94gV2l38fzhXMwq7hZoClug9USI2pFRGL06f4IOPHHpFNOkWieR8A==}
    engines: {node: '>=12'}
    cpu: [arm]
    os: [android]
    requiresBuild: true
    dev: true
    optional: true

  /@esbuild/android-arm@0.18.11:
    resolution: {integrity: sha512-q4qlUf5ucwbUJZXF5tEQ8LF7y0Nk4P58hOsGk3ucY0oCwgQqAnqXVbUuahCddVHfrxmpyewRpiTHwVHIETYu7Q==}
    engines: {node: '>=12'}
    cpu: [arm]
    os: [android]
    requiresBuild: true
    dev: true
    optional: true

  /@esbuild/android-x64@0.17.19:
    resolution: {integrity: sha512-uUTTc4xGNDT7YSArp/zbtmbhO0uEEK9/ETW29Wk1thYUJBz3IVnvgEiEwEa9IeLyvnpKrWK64Utw2bgUmDveww==}
    engines: {node: '>=12'}
    cpu: [x64]
    os: [android]
    requiresBuild: true
    dev: true
    optional: true

  /@esbuild/android-x64@0.18.11:
    resolution: {integrity: sha512-iPuoxQEV34+hTF6FT7om+Qwziv1U519lEOvekXO9zaMMlT9+XneAhKL32DW3H7okrCOBQ44BMihE8dclbZtTuw==}
    engines: {node: '>=12'}
    cpu: [x64]
    os: [android]
    requiresBuild: true
    dev: true
    optional: true

  /@esbuild/darwin-arm64@0.17.19:
    resolution: {integrity: sha512-80wEoCfF/hFKM6WE1FyBHc9SfUblloAWx6FJkFWTWiCoht9Mc0ARGEM47e67W9rI09YoUxJL68WHfDRYEAvOhg==}
    engines: {node: '>=12'}
    cpu: [arm64]
    os: [darwin]
    requiresBuild: true
    dev: true
    optional: true

  /@esbuild/darwin-arm64@0.18.11:
    resolution: {integrity: sha512-Gm0QkI3k402OpfMKyQEEMG0RuW2LQsSmI6OeO4El2ojJMoF5NLYb3qMIjvbG/lbMeLOGiW6ooU8xqc+S0fgz2w==}
    engines: {node: '>=12'}
    cpu: [arm64]
    os: [darwin]
    requiresBuild: true
    dev: true
    optional: true

  /@esbuild/darwin-x64@0.17.19:
    resolution: {integrity: sha512-IJM4JJsLhRYr9xdtLytPLSH9k/oxR3boaUIYiHkAawtwNOXKE8KoU8tMvryogdcT8AU+Bflmh81Xn6Q0vTZbQw==}
    engines: {node: '>=12'}
    cpu: [x64]
    os: [darwin]
    requiresBuild: true
    dev: true
    optional: true

  /@esbuild/darwin-x64@0.18.11:
    resolution: {integrity: sha512-N15Vzy0YNHu6cfyDOjiyfJlRJCB/ngKOAvoBf1qybG3eOq0SL2Lutzz9N7DYUbb7Q23XtHPn6lMDF6uWbGv9Fw==}
    engines: {node: '>=12'}
    cpu: [x64]
    os: [darwin]
    requiresBuild: true
    dev: true
    optional: true

  /@esbuild/freebsd-arm64@0.17.19:
    resolution: {integrity: sha512-pBwbc7DufluUeGdjSU5Si+P3SoMF5DQ/F/UmTSb8HXO80ZEAJmrykPyzo1IfNbAoaqw48YRpv8shwd1NoI0jcQ==}
    engines: {node: '>=12'}
    cpu: [arm64]
    os: [freebsd]
    requiresBuild: true
    dev: true
    optional: true

  /@esbuild/freebsd-arm64@0.18.11:
    resolution: {integrity: sha512-atEyuq6a3omEY5qAh5jIORWk8MzFnCpSTUruBgeyN9jZq1K/QI9uke0ATi3MHu4L8c59CnIi4+1jDKMuqmR71A==}
    engines: {node: '>=12'}
    cpu: [arm64]
    os: [freebsd]
    requiresBuild: true
    dev: true
    optional: true

  /@esbuild/freebsd-x64@0.17.19:
    resolution: {integrity: sha512-4lu+n8Wk0XlajEhbEffdy2xy53dpR06SlzvhGByyg36qJw6Kpfk7cp45DR/62aPH9mtJRmIyrXAS5UWBrJT6TQ==}
    engines: {node: '>=12'}
    cpu: [x64]
    os: [freebsd]
    requiresBuild: true
    dev: true
    optional: true

  /@esbuild/freebsd-x64@0.18.11:
    resolution: {integrity: sha512-XtuPrEfBj/YYYnAAB7KcorzzpGTvOr/dTtXPGesRfmflqhA4LMF0Gh/n5+a9JBzPuJ+CGk17CA++Hmr1F/gI0Q==}
    engines: {node: '>=12'}
    cpu: [x64]
    os: [freebsd]
    requiresBuild: true
    dev: true
    optional: true

  /@esbuild/linux-arm64@0.17.19:
    resolution: {integrity: sha512-ct1Tg3WGwd3P+oZYqic+YZF4snNl2bsnMKRkb3ozHmnM0dGWuxcPTTntAF6bOP0Sp4x0PjSF+4uHQ1xvxfRKqg==}
    engines: {node: '>=12'}
    cpu: [arm64]
    os: [linux]
    requiresBuild: true
    dev: true
    optional: true

  /@esbuild/linux-arm64@0.18.11:
    resolution: {integrity: sha512-c6Vh2WS9VFKxKZ2TvJdA7gdy0n6eSy+yunBvv4aqNCEhSWVor1TU43wNRp2YLO9Vng2G+W94aRz+ILDSwAiYog==}
    engines: {node: '>=12'}
    cpu: [arm64]
    os: [linux]
    requiresBuild: true
    dev: true
    optional: true

  /@esbuild/linux-arm@0.17.19:
    resolution: {integrity: sha512-cdmT3KxjlOQ/gZ2cjfrQOtmhG4HJs6hhvm3mWSRDPtZ/lP5oe8FWceS10JaSJC13GBd4eH/haHnqf7hhGNLerA==}
    engines: {node: '>=12'}
    cpu: [arm]
    os: [linux]
    requiresBuild: true
    dev: true
    optional: true

  /@esbuild/linux-arm@0.18.11:
    resolution: {integrity: sha512-Idipz+Taso/toi2ETugShXjQ3S59b6m62KmLHkJlSq/cBejixmIydqrtM2XTvNCywFl3VC7SreSf6NV0i6sRyg==}
    engines: {node: '>=12'}
    cpu: [arm]
    os: [linux]
    requiresBuild: true
    dev: true
    optional: true

  /@esbuild/linux-ia32@0.17.19:
    resolution: {integrity: sha512-w4IRhSy1VbsNxHRQpeGCHEmibqdTUx61Vc38APcsRbuVgK0OPEnQ0YD39Brymn96mOx48Y2laBQGqgZ0j9w6SQ==}
    engines: {node: '>=12'}
    cpu: [ia32]
    os: [linux]
    requiresBuild: true
    dev: true
    optional: true

  /@esbuild/linux-ia32@0.18.11:
    resolution: {integrity: sha512-S3hkIF6KUqRh9n1Q0dSyYcWmcVa9Cg+mSoZEfFuzoYXXsk6196qndrM+ZiHNwpZKi3XOXpShZZ+9dfN5ykqjjw==}
    engines: {node: '>=12'}
    cpu: [ia32]
    os: [linux]
    requiresBuild: true
    dev: true
    optional: true

  /@esbuild/linux-loong64@0.17.19:
    resolution: {integrity: sha512-2iAngUbBPMq439a+z//gE+9WBldoMp1s5GWsUSgqHLzLJ9WoZLZhpwWuym0u0u/4XmZ3gpHmzV84PonE+9IIdQ==}
    engines: {node: '>=12'}
    cpu: [loong64]
    os: [linux]
    requiresBuild: true
    dev: true
    optional: true

  /@esbuild/linux-loong64@0.18.11:
    resolution: {integrity: sha512-MRESANOoObQINBA+RMZW+Z0TJWpibtE7cPFnahzyQHDCA9X9LOmGh68MVimZlM9J8n5Ia8lU773te6O3ILW8kw==}
    engines: {node: '>=12'}
    cpu: [loong64]
    os: [linux]
    requiresBuild: true
    dev: true
    optional: true

  /@esbuild/linux-mips64el@0.17.19:
    resolution: {integrity: sha512-LKJltc4LVdMKHsrFe4MGNPp0hqDFA1Wpt3jE1gEyM3nKUvOiO//9PheZZHfYRfYl6AwdTH4aTcXSqBerX0ml4A==}
    engines: {node: '>=12'}
    cpu: [mips64el]
    os: [linux]
    requiresBuild: true
    dev: true
    optional: true

  /@esbuild/linux-mips64el@0.18.11:
    resolution: {integrity: sha512-qVyPIZrXNMOLYegtD1u8EBccCrBVshxMrn5MkuFc3mEVsw7CCQHaqZ4jm9hbn4gWY95XFnb7i4SsT3eflxZsUg==}
    engines: {node: '>=12'}
    cpu: [mips64el]
    os: [linux]
    requiresBuild: true
    dev: true
    optional: true

  /@esbuild/linux-ppc64@0.17.19:
    resolution: {integrity: sha512-/c/DGybs95WXNS8y3Ti/ytqETiW7EU44MEKuCAcpPto3YjQbyK3IQVKfF6nbghD7EcLUGl0NbiL5Rt5DMhn5tg==}
    engines: {node: '>=12'}
    cpu: [ppc64]
    os: [linux]
    requiresBuild: true
    dev: true
    optional: true

  /@esbuild/linux-ppc64@0.18.11:
    resolution: {integrity: sha512-T3yd8vJXfPirZaUOoA9D2ZjxZX4Gr3QuC3GztBJA6PklLotc/7sXTOuuRkhE9W/5JvJP/K9b99ayPNAD+R+4qQ==}
    engines: {node: '>=12'}
    cpu: [ppc64]
    os: [linux]
    requiresBuild: true
    dev: true
    optional: true

  /@esbuild/linux-riscv64@0.17.19:
    resolution: {integrity: sha512-FC3nUAWhvFoutlhAkgHf8f5HwFWUL6bYdvLc/TTuxKlvLi3+pPzdZiFKSWz/PF30TB1K19SuCxDTI5KcqASJqA==}
    engines: {node: '>=12'}
    cpu: [riscv64]
    os: [linux]
    requiresBuild: true
    dev: true
    optional: true

  /@esbuild/linux-riscv64@0.18.11:
    resolution: {integrity: sha512-evUoRPWiwuFk++snjH9e2cAjF5VVSTj+Dnf+rkO/Q20tRqv+644279TZlPK8nUGunjPAtQRCj1jQkDAvL6rm2w==}
    engines: {node: '>=12'}
    cpu: [riscv64]
    os: [linux]
    requiresBuild: true
    dev: true
    optional: true

  /@esbuild/linux-s390x@0.17.19:
    resolution: {integrity: sha512-IbFsFbxMWLuKEbH+7sTkKzL6NJmG2vRyy6K7JJo55w+8xDk7RElYn6xvXtDW8HCfoKBFK69f3pgBJSUSQPr+4Q==}
    engines: {node: '>=12'}
    cpu: [s390x]
    os: [linux]
    requiresBuild: true
    dev: true
    optional: true

  /@esbuild/linux-s390x@0.18.11:
    resolution: {integrity: sha512-/SlRJ15XR6i93gRWquRxYCfhTeC5PdqEapKoLbX63PLCmAkXZHY2uQm2l9bN0oPHBsOw2IswRZctMYS0MijFcg==}
    engines: {node: '>=12'}
    cpu: [s390x]
    os: [linux]
    requiresBuild: true
    dev: true
    optional: true

  /@esbuild/linux-x64@0.17.19:
    resolution: {integrity: sha512-68ngA9lg2H6zkZcyp22tsVt38mlhWde8l3eJLWkyLrp4HwMUr3c1s/M2t7+kHIhvMjglIBrFpncX1SzMckomGw==}
    engines: {node: '>=12'}
    cpu: [x64]
    os: [linux]
    requiresBuild: true
    dev: true
    optional: true

  /@esbuild/linux-x64@0.18.11:
    resolution: {integrity: sha512-xcncej+wF16WEmIwPtCHi0qmx1FweBqgsRtEL1mSHLFR6/mb3GEZfLQnx+pUDfRDEM4DQF8dpXIW7eDOZl1IbA==}
    engines: {node: '>=12'}
    cpu: [x64]
    os: [linux]
    requiresBuild: true
    dev: true
    optional: true

  /@esbuild/netbsd-x64@0.17.19:
    resolution: {integrity: sha512-CwFq42rXCR8TYIjIfpXCbRX0rp1jo6cPIUPSaWwzbVI4aOfX96OXY8M6KNmtPcg7QjYeDmN+DD0Wp3LaBOLf4Q==}
    engines: {node: '>=12'}
    cpu: [x64]
    os: [netbsd]
    requiresBuild: true
    dev: true
    optional: true

  /@esbuild/netbsd-x64@0.18.11:
    resolution: {integrity: sha512-aSjMHj/F7BuS1CptSXNg6S3M4F3bLp5wfFPIJM+Km2NfIVfFKhdmfHF9frhiCLIGVzDziggqWll0B+9AUbud/Q==}
    engines: {node: '>=12'}
    cpu: [x64]
    os: [netbsd]
    requiresBuild: true
    dev: true
    optional: true

  /@esbuild/openbsd-x64@0.17.19:
    resolution: {integrity: sha512-cnq5brJYrSZ2CF6c35eCmviIN3k3RczmHz8eYaVlNasVqsNY+JKohZU5MKmaOI+KkllCdzOKKdPs762VCPC20g==}
    engines: {node: '>=12'}
    cpu: [x64]
    os: [openbsd]
    requiresBuild: true
    dev: true
    optional: true

  /@esbuild/openbsd-x64@0.18.11:
    resolution: {integrity: sha512-tNBq+6XIBZtht0xJGv7IBB5XaSyvYPCm1PxJ33zLQONdZoLVM0bgGqUrXnJyiEguD9LU4AHiu+GCXy/Hm9LsdQ==}
    engines: {node: '>=12'}
    cpu: [x64]
    os: [openbsd]
    requiresBuild: true
    dev: true
    optional: true

  /@esbuild/sunos-x64@0.17.19:
    resolution: {integrity: sha512-vCRT7yP3zX+bKWFeP/zdS6SqdWB8OIpaRq/mbXQxTGHnIxspRtigpkUcDMlSCOejlHowLqII7K2JKevwyRP2rg==}
    engines: {node: '>=12'}
    cpu: [x64]
    os: [sunos]
    requiresBuild: true
    dev: true
    optional: true

  /@esbuild/sunos-x64@0.18.11:
    resolution: {integrity: sha512-kxfbDOrH4dHuAAOhr7D7EqaYf+W45LsAOOhAet99EyuxxQmjbk8M9N4ezHcEiCYPaiW8Dj3K26Z2V17Gt6p3ng==}
    engines: {node: '>=12'}
    cpu: [x64]
    os: [sunos]
    requiresBuild: true
    dev: true
    optional: true

  /@esbuild/win32-arm64@0.17.19:
    resolution: {integrity: sha512-yYx+8jwowUstVdorcMdNlzklLYhPxjniHWFKgRqH7IFlUEa0Umu3KuYplf1HUZZ422e3NU9F4LGb+4O0Kdcaag==}
    engines: {node: '>=12'}
    cpu: [arm64]
    os: [win32]
    requiresBuild: true
    dev: true
    optional: true

  /@esbuild/win32-arm64@0.18.11:
    resolution: {integrity: sha512-Sh0dDRyk1Xi348idbal7lZyfSkjhJsdFeuC13zqdipsvMetlGiFQNdO+Yfp6f6B4FbyQm7qsk16yaZk25LChzg==}
    engines: {node: '>=12'}
    cpu: [arm64]
    os: [win32]
    requiresBuild: true
    dev: true
    optional: true

  /@esbuild/win32-ia32@0.17.19:
    resolution: {integrity: sha512-eggDKanJszUtCdlVs0RB+h35wNlb5v4TWEkq4vZcmVt5u/HiDZrTXe2bWFQUez3RgNHwx/x4sk5++4NSSicKkw==}
    engines: {node: '>=12'}
    cpu: [ia32]
    os: [win32]
    requiresBuild: true
    dev: true
    optional: true

  /@esbuild/win32-ia32@0.18.11:
    resolution: {integrity: sha512-o9JUIKF1j0rqJTFbIoF4bXj6rvrTZYOrfRcGyL0Vm5uJ/j5CkBD/51tpdxe9lXEDouhRgdr/BYzUrDOvrWwJpg==}
    engines: {node: '>=12'}
    cpu: [ia32]
    os: [win32]
    requiresBuild: true
    dev: true
    optional: true

  /@esbuild/win32-x64@0.17.19:
    resolution: {integrity: sha512-lAhycmKnVOuRYNtRtatQR1LPQf2oYCkRGkSFnseDAKPl8lu5SOsK/e1sXe5a0Pc5kHIHe6P2I/ilntNv2xf3cA==}
    engines: {node: '>=12'}
    cpu: [x64]
    os: [win32]
    requiresBuild: true
    dev: true
    optional: true

  /@esbuild/win32-x64@0.18.11:
    resolution: {integrity: sha512-rQI4cjLHd2hGsM1LqgDI7oOCYbQ6IBOVsX9ejuRMSze0GqXUG2ekwiKkiBU1pRGSeCqFFHxTrcEydB2Hyoz9CA==}
    engines: {node: '>=12'}
    cpu: [x64]
    os: [win32]
    requiresBuild: true
    dev: true
    optional: true

  /@gjsify/esbuild-plugin-deepkit@0.0.3(typescript@5.1.6):
    resolution: {integrity: sha512-Wqcou60b7B9SPb8f20vUrUFlsRj4e93tAQz2ud2jaSOiqIO4kEKWuIUHsx5jMlt/YBF28kv8xd4cnSMOo5xosw==}
    dependencies:
      '@deepkit/type-compiler': 1.0.1-alpha.97(patch_hash=6fuedauhg7bnw43tvt7pki76ia)(typescript@5.1.6)
    transitivePeerDependencies:
      - supports-color
      - typescript
    dev: true

  /@marcj/ts-clone-node@2.2.0(typescript@5.1.6):
    resolution: {integrity: sha512-72i531GZWaiHDvNZr0Fz+uiZMMyWzQqJxbhxD5g2dpU3eqEBk6p6mcDNBcOdiNhngAJ5Ebqv2krrs7MwuFg9rw==}
    engines: {node: '>=14.9.0'}
    dependencies:
      compatfactory: 2.0.9(typescript@5.1.6)
    transitivePeerDependencies:
      - typescript
    dev: true

  /@rollup/pluginutils@5.0.2:
    resolution: {integrity: sha512-pTd9rIsP92h+B6wWwFbW8RkZv4hiR/xKsqre4SIuAOaOEQRxi0lqLke9k2/7WegC85GgUs9pjmOjCUi3In4vwA==}
    engines: {node: '>=14.0.0'}
    peerDependencies:
      rollup: ^1.20.0||^2.0.0||^3.0.0
    peerDependenciesMeta:
      rollup:
        optional: true
    dependencies:
      '@types/estree': 1.0.1
      estree-walker: 2.0.2
      picomatch: 2.3.1
    dev: true

  /@types/estree@1.0.1:
    resolution: {integrity: sha512-LG4opVs2ANWZ1TJoKc937iMmNstM/d0ae1vNbnBvBhqCSezgVUOzcLCqbI5elV8Vy6WKwKjaqR+zO9VKirBBCA==}
    dev: true

  /@types/node@18.16.19:
    resolution: {integrity: sha512-IXl7o+R9iti9eBW4Wg2hx1xQDig183jj7YLn8F7udNceyfkbn1ZxmzZXuak20gR40D7pIkIY1kYGx5VIGbaHKA==}
    dev: true

  /@types/uuid@8.3.4:
    resolution: {integrity: sha512-c/I8ZRb51j+pYGAu5CrFMRxqZ2ke4y2grEBO5AUjgSkSk+qT2Ea+OdWElz/OiMf5MNpn2b17kuVBwZLQJXzihw==}
    dev: false

  /@typescript/vfs@1.4.0:
    resolution: {integrity: sha512-Pood7yv5YWMIX+yCHo176OnF8WUlKGImFG7XlsuH14Zb1YN5+dYD3uUtS7lqZtsH7tAveNUi2NzdpQCN0yRbaw==}
    dependencies:
      debug: 4.3.4
    transitivePeerDependencies:
      - supports-color
    dev: true

  /acorn@8.9.0:
    resolution: {integrity: sha512-jaVNAFBHNLXspO543WnNNPZFRtavh3skAkITqD0/2aeMkKZTN+254PyhwxFYrk3vQ1xfY+2wbesJMs/JC8/PwQ==}
    engines: {node: '>=0.4.0'}
    hasBin: true
    dev: true

  /base64-js@1.5.1:
    resolution: {integrity: sha512-AKpaYlHn8t4SVbOHCy+b5+KKgvR4vrsD8vbvrbiQJps7fKDTkjkDry6ji0rUJjC0kzbNePLwzxq8iypo41qeWA==}
    dev: false

  /braces@3.0.2:
    resolution: {integrity: sha512-b8um+L1RzM3WDSzvhm6gIz1yfTbBt6YTlcEKAvsmqCZZFw46z626lVj9j1yEPW33H5H+lBQpZMP1k8l+78Ha0A==}
    engines: {node: '>=8'}
    dependencies:
      fill-range: 7.0.1
    dev: true

  /buffer@5.7.1:
    resolution: {integrity: sha512-EHcyIPBQ4BSGlvjB16k5KgAJ27CIsHY/2JBmCRReo48y9rQ3MaUzWX3KVlBa4U7MyX02HdVj0K7C3WaB3ju7FQ==}
    dependencies:
      base64-js: 1.5.1
      ieee754: 1.2.1
    dev: false

  /cac@6.7.14:
    resolution: {integrity: sha512-b6Ilus+c3RrdDk+JhLKUAQfzzgLEPy6wcXqS7f/xe1EETvsDP6GORG7SFuOs6cID5YkqchW/LXZbX5bc8j7ZcQ==}
    engines: {node: '>=8'}
    dev: true

  /compatfactory@2.0.9(typescript@5.1.6):
    resolution: {integrity: sha512-fvO+AWcmbO7P1S+A3mwm3IGr74eHMeq5ZLhNhyNQc9mVDNHT4oe0Gg0ksdIFFNXLK7k7Z/TYcLAUSQdRgh1bsA==}
    engines: {node: '>=14.9.0'}
    peerDependencies:
      typescript: '>=3.x || >= 4.x'
    dependencies:
      helpertypes: 0.0.19
      typescript: 5.1.6
    dev: true

  /debug@4.3.4:
    resolution: {integrity: sha512-PRWFHuSU3eDtQJPvnNY7Jcket1j0t5OuOsFzPPzsekD52Zl8qUfFIPEiswXqIvHWGVHOgX+7G/vCNNhehwxfkQ==}
    engines: {node: '>=6.0'}
    peerDependencies:
      supports-color: '*'
    peerDependenciesMeta:
      supports-color:
        optional: true
    dependencies:
      ms: 2.1.2
    dev: true

  /dot-prop@5.3.0:
    resolution: {integrity: sha512-QM8q3zDe58hqUqjraQOmzZ1LIH9SWQJTlEKCH4kJ2oQvLZk7RbQXvtDM2XEq3fwkV9CCvvH4LA0AV+ogFsBM2Q==}
    engines: {node: '>=8'}
    dependencies:
      is-obj: 2.0.0
    dev: false

  /esbuild@0.17.19:
    resolution: {integrity: sha512-XQ0jAPFkK/u3LcVRcvVHQcTIqD6E2H1fvZMA5dQPSOWb3suUbWbfbRf94pjc0bNzRYLfIrDRQXr7X+LHIm5oHw==}
    engines: {node: '>=12'}
    hasBin: true
    requiresBuild: true
    optionalDependencies:
      '@esbuild/android-arm': 0.17.19
      '@esbuild/android-arm64': 0.17.19
      '@esbuild/android-x64': 0.17.19
      '@esbuild/darwin-arm64': 0.17.19
      '@esbuild/darwin-x64': 0.17.19
      '@esbuild/freebsd-arm64': 0.17.19
      '@esbuild/freebsd-x64': 0.17.19
      '@esbuild/linux-arm': 0.17.19
      '@esbuild/linux-arm64': 0.17.19
      '@esbuild/linux-ia32': 0.17.19
      '@esbuild/linux-loong64': 0.17.19
      '@esbuild/linux-mips64el': 0.17.19
      '@esbuild/linux-ppc64': 0.17.19
      '@esbuild/linux-riscv64': 0.17.19
      '@esbuild/linux-s390x': 0.17.19
      '@esbuild/linux-x64': 0.17.19
      '@esbuild/netbsd-x64': 0.17.19
      '@esbuild/openbsd-x64': 0.17.19
      '@esbuild/sunos-x64': 0.17.19
      '@esbuild/win32-arm64': 0.17.19
      '@esbuild/win32-ia32': 0.17.19
      '@esbuild/win32-x64': 0.17.19
    dev: true

  /esbuild@0.18.11:
    resolution: {integrity: sha512-i8u6mQF0JKJUlGR3OdFLKldJQMMs8OqM9Cc3UCi9XXziJ9WERM5bfkHaEAy0YAvPRMgqSW55W7xYn84XtEFTtA==}
    engines: {node: '>=12'}
    hasBin: true
    requiresBuild: true
    optionalDependencies:
      '@esbuild/android-arm': 0.18.11
      '@esbuild/android-arm64': 0.18.11
      '@esbuild/android-x64': 0.18.11
      '@esbuild/darwin-arm64': 0.18.11
      '@esbuild/darwin-x64': 0.18.11
      '@esbuild/freebsd-arm64': 0.18.11
      '@esbuild/freebsd-x64': 0.18.11
      '@esbuild/linux-arm': 0.18.11
      '@esbuild/linux-arm64': 0.18.11
      '@esbuild/linux-ia32': 0.18.11
      '@esbuild/linux-loong64': 0.18.11
      '@esbuild/linux-mips64el': 0.18.11
      '@esbuild/linux-ppc64': 0.18.11
      '@esbuild/linux-riscv64': 0.18.11
      '@esbuild/linux-s390x': 0.18.11
      '@esbuild/linux-x64': 0.18.11
      '@esbuild/netbsd-x64': 0.18.11
      '@esbuild/openbsd-x64': 0.18.11
      '@esbuild/sunos-x64': 0.18.11
      '@esbuild/win32-arm64': 0.18.11
      '@esbuild/win32-ia32': 0.18.11
      '@esbuild/win32-x64': 0.18.11
    dev: true

  /estree-walker@2.0.2:
    resolution: {integrity: sha512-Rfkk/Mp/DL7JVje3u18FxFujQlTNR2q6QfMSMB7AvCBx91NGj/ba3kCfza0f6dVDbw7YlRf/nDrn7pQrCCyQ/w==}
    dev: true

  /fill-range@7.0.1:
    resolution: {integrity: sha512-qOo9F+dMUmC2Lcb4BbVvnKJxTPjCm+RRpe4gDuGrzkL7mEVl/djYSu2OdQ2Pa302N4oqkSg9ir6jaLWJ2USVpQ==}
    engines: {node: '>=8'}
    dependencies:
      to-regex-range: 5.0.1
    dev: true

  /fsevents@2.3.2:
    resolution: {integrity: sha512-xiqMQR4xAeHTuB9uWm+fFRcIOgKBMiOBP+eXiyT7jsgVCq1bkVygt00oASowB7EdtpOHaaPgKt812P9ab+DDKA==}
    engines: {node: ^8.16.0 || ^10.6.0 || >=11.0.0}
    os: [darwin]
    requiresBuild: true
    dev: true
    optional: true

  /get-tsconfig@4.6.2:
    resolution: {integrity: sha512-E5XrT4CbbXcXWy+1jChlZmrmCwd5KGx502kDCXJJ7y898TtWW9FwoG5HfOLVRKmlmDGkWN2HM9Ho+/Y8F0sJDg==}
    dependencies:
      resolve-pkg-maps: 1.0.0
    dev: true

  /helpertypes@0.0.19:
    resolution: {integrity: sha512-J00e55zffgi3yVnUp0UdbMztNkr2PnizEkOe9URNohnrNhW5X0QpegkuLpOmFQInpi93Nb8MCjQRHAiCDF42NQ==}
    engines: {node: '>=10.0.0'}
    dev: true

  /ieee754@1.2.1:
    resolution: {integrity: sha512-dcyqhDvX1C46lXZcVqCpK+FtMRQVdIMN6/Df5js2zouUsqG7I6sFxitIC+7KYK29KdXOLHdu9zL4sFnoVQnqaA==}
    dev: false

  /is-number@7.0.0:
    resolution: {integrity: sha512-41Cifkg6e8TylSpdtTpeLVMqvSBEVzTttHvERD741+pnZ8ANv0004MRL43QKPDlK9cGvNp6NZWZUBlbGXYxxng==}
    engines: {node: '>=0.12.0'}
    dev: true

  /is-obj@2.0.0:
    resolution: {integrity: sha512-drqDG3cbczxxEJRoOXcOjtdp1J/lyp1mNn0xaznRs8+muBhgQcrnbspox5X5fOw0HnMnbfDzvnEMEtqDEJEo8w==}
    engines: {node: '>=8'}
    dev: false

  /jsonc-parser@3.2.0:
    resolution: {integrity: sha512-gfFQZrcTc8CnKXp6Y4/CBT3fTc0OVuDofpre4aEeEpSBPV5X5v4+Vmx+8snU7RLPrNHPKSgLxGo9YuQzz20o+w==}
    dev: true

  /lz-string@1.5.0:
    resolution: {integrity: sha512-h5bgJWpxJNswbU7qCrV0tIKQCaS3blPDrqKWx+QxzuzL1zGUzij9XCWLrSLsJPu5t+eWA/ycetzYAO5IOMcWAQ==}
    hasBin: true
    dev: true

  /micromatch@4.0.5:
    resolution: {integrity: sha512-DMy+ERcEW2q8Z2Po+WNXuw3c5YaUSFjAO5GsJqfEl7UjvtIuFKO6ZrKvcItdy98dwFI2N1tg3zNIdKaQT+aNdA==}
    engines: {node: '>=8.6'}
    dependencies:
      braces: 3.0.2
      picomatch: 2.3.1
    dev: true

  /mlly@1.4.0:
    resolution: {integrity: sha512-ua8PAThnTwpprIaU47EPeZ/bPUVp2QYBbWMphUQpVdBI3Lgqzm5KZQ45Agm3YJedHXaIHl6pBGabaLSUPPSptg==}
    dependencies:
      acorn: 8.9.0
      pathe: 1.1.1
      pkg-types: 1.0.3
      ufo: 1.1.2
    dev: true

  /ms@2.1.2:
    resolution: {integrity: sha512-sGkPx+VjMtmA6MX27oA4FBFELFCZZ4S4XqeGOXCv68tT+jb3vk/RyaKWP0PTKyWtmLSM0b+adUTEvbs1PEaH2w==}
    dev: true

  /nanoid@3.3.6:
    resolution: {integrity: sha512-BGcqMMJuToF7i1rt+2PWSNVnWIkGCU78jBG3RxO/bZlnZPK2Cmi2QaffxGO/2RvWi9sL+FAiRiXMgsyxQ1DIDA==}
    engines: {node: ^10 || ^12 || ^13.7 || ^14 || >=15.0.1}
    hasBin: true
    dev: true

  /pathe@1.1.1:
    resolution: {integrity: sha512-d+RQGp0MAYTIaDBIMmOfMwz3E+LOZnxx1HZd5R18mmCZY0QBlK0LDZfPc8FW8Ed2DlvsuE6PRjroDY+wg4+j/Q==}
    dev: true

  /picocolors@1.0.0:
    resolution: {integrity: sha512-1fygroTLlHu66zi26VoTDv8yRgm0Fccecssto+MhsZ0D/DGW2sm8E8AjW7NU5VVTRt5GxbeZ5qBuJr+HyLYkjQ==}
    dev: true

  /picomatch@2.3.1:
    resolution: {integrity: sha512-JU3teHTNjmE2VCGFzuY8EXzCDVwEqB2a8fsIvwaStHhAWJEeVd1o1QD80CU6+ZdEXXSLbSsuLwJjkCBWqRQUVA==}
    engines: {node: '>=8.6'}
    dev: true

  /pkg-types@1.0.3:
    resolution: {integrity: sha512-nN7pYi0AQqJnoLPC9eHFQ8AcyaixBUOwvqc5TDnIKCMEE6I0y8P7OKA7fPexsXGCGxQDl/cmrLAp26LhcwxZ4A==}
    dependencies:
      jsonc-parser: 3.2.0
      mlly: 1.4.0
      pathe: 1.1.1
    dev: true

  /postcss@8.4.24:
    resolution: {integrity: sha512-M0RzbcI0sO/XJNucsGjvWU9ERWxb/ytp1w6dKtxTKgixdtQDq4rmx/g8W1hnaheq9jgwL/oyEdH5Bc4WwJKMqg==}
    engines: {node: ^10 || ^12 || >=14}
    dependencies:
      nanoid: 3.3.6
      picocolors: 1.0.0
      source-map-js: 1.0.2
    dev: true

  /resolve-pkg-maps@1.0.0:
    resolution: {integrity: sha512-seS2Tj26TBVOC2NIc2rOe2y2ZO7efxITtLZcGSOnHHNOQ7CkiUBfw0Iw2ck6xkIhPwLhKNLS8BO+hEpngQlqzw==}
    dev: true

  /rollup@3.26.0:
    resolution: {integrity: sha512-YzJH0eunH2hr3knvF3i6IkLO/jTjAEwU4HoMUbQl4//Tnl3ou0e7P5SjxdDr8HQJdeUJShlbEHXrrnEHy1l7Yg==}
    engines: {node: '>=14.18.0', npm: '>=8.0.0'}
    hasBin: true
    optionalDependencies:
      fsevents: 2.3.2
    dev: true

  /source-map-js@1.0.2:
    resolution: {integrity: sha512-R0XvVJ9WusLiqTCEiGCmICCMplcCkIwwR11mOSD9CR5u+IXYdiseeEuXCVAjS54zqwkLcPNnmU4OeJ6tUrWhDw==}
    engines: {node: '>=0.10.0'}
    dev: true

  /strip-json-comments@3.1.1:
    resolution: {integrity: sha512-6fPc+R4ihwqP6N/aIv2f1gMH8lOVtWQHoqC4yK6oSDVVocumAsfCqjkXnqiYMhmMwS/mEHLp7Vehlt3ql6lEig==}
    engines: {node: '>=8'}
    dev: true

  /to-fast-properties@3.0.1:
    resolution: {integrity: sha512-/wtNi1tW1F3nf0OL6AqVxGw9Tr1ET70InMhJuVxPwFdGqparF0nQ4UWGLf2DsoI2bFDtthlBnALncZpUzOnsUw==}
    engines: {node: '>=8'}
    dev: false

  /to-regex-range@5.0.1:
    resolution: {integrity: sha512-65P7iz6X5yEr1cwcgvQxbbIw7Uk3gOy5dIdtZ4rDveLqhrdJP+Li/Hx6tyK0NEb+2GCyneCMJiGqrADCSNk8sQ==}
    engines: {node: '>=8.0'}
    dependencies:
      is-number: 7.0.0
    dev: true

  /typescript@5.1.6:
    resolution: {integrity: sha512-zaWCozRZ6DLEWAWFrVDz1H6FVXzUSfTy5FUMWsQlU8Ym5JP9eO4xkTIROFCQvhQf61z6O/G6ugw3SgAnvvm+HA==}
    engines: {node: '>=14.17'}
    hasBin: true
    dev: true

  /ufo@1.1.2:
    resolution: {integrity: sha512-TrY6DsjTQQgyS3E3dBaOXf0TpPD8u9FVrVYmKVegJuFw51n/YB9XPt+U6ydzFG5ZIN7+DIjPbNmXoBj9esYhgQ==}
    dev: true

  /uuid@8.3.2:
    resolution: {integrity: sha512-+NYs2QeMWy+GWFOEm9xnn6HCDp0l7QBD7ml8zLUmJ+93Q5NF0NocErnwkTkXVFNiX3/fpC6afS8Dhb/gz7R7eg==}
    hasBin: true
    dev: false

  /vite-node@0.32.4(@types/node@18.16.19):
    resolution: {integrity: sha512-L2gIw+dCxO0LK14QnUMoqSYpa9XRGnTTTDjW2h19Mr+GR0EFj4vx52W41gFXfMLqpA00eK4ZjOVYo1Xk//LFEw==}
    engines: {node: '>=v14.18.0'}
    hasBin: true
    dependencies:
      cac: 6.7.14
      debug: 4.3.4
      mlly: 1.4.0
      pathe: 1.1.1
      picocolors: 1.0.0
      vite: 4.3.9(@types/node@18.16.19)
    transitivePeerDependencies:
      - '@types/node'
      - less
      - sass
      - stylus
      - sugarss
      - supports-color
      - terser
    dev: true

  /vite@4.3.9(@types/node@18.16.19):
    resolution: {integrity: sha512-qsTNZjO9NoJNW7KnOrgYwczm0WctJ8m/yqYAMAK9Lxt4SoySUfS5S8ia9K7JHpa3KEeMfyF8LoJ3c5NeBJy6pg==}
    engines: {node: ^14.18.0 || >=16.0.0}
    hasBin: true
    peerDependencies:
      '@types/node': '>= 14'
      less: '*'
      sass: '*'
      stylus: '*'
      sugarss: '*'
      terser: ^5.4.0
    peerDependenciesMeta:
      '@types/node':
        optional: true
      less:
        optional: true
      sass:
        optional: true
      stylus:
        optional: true
      sugarss:
        optional: true
      terser:
        optional: true
    dependencies:
      '@types/node': 18.16.19
      esbuild: 0.17.19
      postcss: 8.4.24
      rollup: 3.26.0
    optionalDependencies:
      fsevents: 2.3.2
    dev: true
